
Microsoft Visual Studio Solution File, Format Version 12.00
# Visual Studio 2012
Project("{FAE04EC0-301F-11D3-BF4B-00C04F79EFBC}") = "NovusCodeLibrary4.Utils", "NovusCodeLibrary4.Utils\NovusCodeLibrary4.Utils.csproj", "{923D7F1E-96C4-4B62-A1DA-46F04226312A}"
EndProject
Project("{FAE04EC0-301F-11D3-BF4B-00C04F79EFBC}") = "NovusCodeLibrary4.WebUtils", "NovusCodeLibrary4.WebUtils\NovusCodeLibrary4.WebUtils.csproj", "{A636197B-D551-4104-A675-86A3C7B702A4}"
EndProject
Project("{FAE04EC0-301F-11D3-BF4B-00C04F79EFBC}") = "NovusCodeLibrary4.SimpleTemplate", "NovusCodeLibrary4.SimpleTemplate\NovusCodeLibrary4.SimpleTemplate.csproj", "{C584334A-4491-4B33-99FB-E193A8010D1C}"
EndProject
Project("{FAE04EC0-301F-11D3-BF4B-00C04F79EFBC}") = "NovusCodeLibrary4.Exceptions", "NovusCodeLibrary4.Exceptions\NovusCodeLibrary4.Exceptions.csproj", "{4B5E53C1-70A5-464D-BE0A-9ADFFEB5CDF8}"
EndProject
Global
	GlobalSection(SolutionConfigurationPlatforms) = preSolution
		Debug|Any CPU = Debug|Any CPU
		Release|Any CPU = Release|Any CPU
	EndGlobalSection
	GlobalSection(ProjectConfigurationPlatforms) = postSolution
		{923D7F1E-96C4-4B62-A1DA-46F04226312A}.Debug|Any CPU.ActiveCfg = Debug|Any CPU
		{923D7F1E-96C4-4B62-A1DA-46F04226312A}.Debug|Any CPU.Build.0 = Debug|Any CPU
		{923D7F1E-96C4-4B62-A1DA-46F04226312A}.Release|Any CPU.ActiveCfg = Release|Any CPU
		{923D7F1E-96C4-4B62-A1DA-46F04226312A}.Release|Any CPU.Build.0 = Release|Any CPU
		{A636197B-D551-4104-A675-86A3C7B702A4}.Debug|Any CPU.ActiveCfg = Debug|Any CPU
		{A636197B-D551-4104-A675-86A3C7B702A4}.Debug|Any CPU.Build.0 = Debug|Any CPU
		{A636197B-D551-4104-A675-86A3C7B702A4}.Release|Any CPU.ActiveCfg = Release|Any CPU
		{A636197B-D551-4104-A675-86A3C7B702A4}.Release|Any CPU.Build.0 = Release|Any CPU
		{C584334A-4491-4B33-99FB-E193A8010D1C}.Debug|Any CPU.ActiveCfg = Debug|Any CPU
		{C584334A-4491-4B33-99FB-E193A8010D1C}.Debug|Any CPU.Build.0 = Debug|Any CPU
		{C584334A-4491-4B33-99FB-E193A8010D1C}.Release|Any CPU.ActiveCfg = Release|Any CPU
		{C584334A-4491-4B33-99FB-E193A8010D1C}.Release|Any CPU.Build.0 = Release|Any CPU
		{4B5E53C1-70A5-464D-BE0A-9ADFFEB5CDF8}.Debug|Any CPU.ActiveCfg = Debug|Any CPU
		{4B5E53C1-70A5-464D-BE0A-9ADFFEB5CDF8}.Debug|Any CPU.Build.0 = Debug|Any CPU
		{4B5E53C1-70A5-464D-BE0A-9ADFFEB5CDF8}.Release|Any CPU.ActiveCfg = Release|Any CPU
		{4B5E53C1-70A5-464D-BE0A-9ADFFEB5CDF8}.Release|Any CPU.Build.0 = Release|Any CPU
	EndGlobalSection
	GlobalSection(SolutionProperties) = preSolution
		HideSolutionNode = FALSE
	EndGlobalSection
EndGlobal
