
Microsoft Visual Studio Solution File, Format Version 12.00
# Visual Studio Version 17
VisualStudioVersion = 17.3.32929.385
MinimumVisualStudioVersion = 10.0.40219.1
Project("{9A19103F-16F7-4668-BE54-9A1E7A4F7556}") = "NovusCodeLibrary.WebUtils", "NovusCodeLibrary.WebUtils\NovusCodeLibrary.WebUtils.csproj", "{D7ADE768-876E-48F2-8279-8204BDE7FE9C}"
EndProject
Project("{9A19103F-16F7-4668-BE54-9A1E7A4F7556}") = "NovusCodeLibrary.Exceptions", "NovusCodeLibrary.Exceptions\NovusCodeLibrary.Exceptions.csproj", "{987944E7-97F6-422C-94DA-6787E953F589}"
EndProject
Project("{9A19103F-16F7-4668-BE54-9A1E7A4F7556}") = "NovusCodeLibrary.JSONUtils", "NovusCodeLibrary.JSONUtils\NovusCodeLibrary.JSONUtils.csproj", "{7449BC35-E837-4FA2-9DF5-6B430F8C4E83}"
EndProject
Project("{9A19103F-16F7-4668-BE54-9A1E7A4F7556}") = "NovusCodeLibrary.SimpleTemplate", "NovusCodeLibrary.SimpleTemplate\NovusCodeLibrary.SimpleTemplate.csproj", "{418FCF88-1830-4BA0-8DE0-EF574846F4CA}"
EndProject
Project("{9A19103F-16F7-4668-BE54-9A1E7A4F7556}") = "NovusCodeLibrary.Utils", "NovusCodeLibrary.Utils\NovusCodeLibrary.Utils.csproj", "{CF1E872D-1D3A-4589-B56F-7B04F406664F}"
EndProject
Global
	GlobalSection(SolutionConfigurationPlatforms) = preSolution
		Debug|Any CPU = Debug|Any CPU
		Release|Any CPU = Release|Any CPU
	EndGlobalSection
	GlobalSection(ProjectConfigurationPlatforms) = postSolution
		{D7ADE768-876E-48F2-8279-8204BDE7FE9C}.Debug|Any CPU.ActiveCfg = Debug|Any CPU
		{D7ADE768-876E-48F2-8279-8204BDE7FE9C}.Debug|Any CPU.Build.0 = Debug|Any CPU
		{D7ADE768-876E-48F2-8279-8204BDE7FE9C}.Release|Any CPU.ActiveCfg = Release|Any CPU
		{D7ADE768-876E-48F2-8279-8204BDE7FE9C}.Release|Any CPU.Build.0 = Release|Any CPU
		{987944E7-97F6-422C-94DA-6787E953F589}.Debug|Any CPU.ActiveCfg = Debug|Any CPU
		{987944E7-97F6-422C-94DA-6787E953F589}.Debug|Any CPU.Build.0 = Debug|Any CPU
		{987944E7-97F6-422C-94DA-6787E953F589}.Release|Any CPU.ActiveCfg = Release|Any CPU
		{987944E7-97F6-422C-94DA-6787E953F589}.Release|Any CPU.Build.0 = Release|Any CPU
		{7449BC35-E837-4FA2-9DF5-6B430F8C4E83}.Debug|Any CPU.ActiveCfg = Debug|Any CPU
		{7449BC35-E837-4FA2-9DF5-6B430F8C4E83}.Debug|Any CPU.Build.0 = Debug|Any CPU
		{7449BC35-E837-4FA2-9DF5-6B430F8C4E83}.Release|Any CPU.ActiveCfg = Release|Any CPU
		{7449BC35-E837-4FA2-9DF5-6B430F8C4E83}.Release|Any CPU.Build.0 = Release|Any CPU
		{418FCF88-1830-4BA0-8DE0-EF574846F4CA}.Debug|Any CPU.ActiveCfg = Debug|Any CPU
		{418FCF88-1830-4BA0-8DE0-EF574846F4CA}.Debug|Any CPU.Build.0 = Debug|Any CPU
		{418FCF88-1830-4BA0-8DE0-EF574846F4CA}.Release|Any CPU.ActiveCfg = Release|Any CPU
		{418FCF88-1830-4BA0-8DE0-EF574846F4CA}.Release|Any CPU.Build.0 = Release|Any CPU
		{CF1E872D-1D3A-4589-B56F-7B04F406664F}.Debug|Any CPU.ActiveCfg = Debug|Any CPU
		{CF1E872D-1D3A-4589-B56F-7B04F406664F}.Debug|Any CPU.Build.0 = Debug|Any CPU
		{CF1E872D-1D3A-4589-B56F-7B04F406664F}.Release|Any CPU.ActiveCfg = Release|Any CPU
		{CF1E872D-1D3A-4589-B56F-7B04F406664F}.Release|Any CPU.Build.0 = Release|Any CPU
	EndGlobalSection
	GlobalSection(SolutionProperties) = preSolution
		HideSolutionNode = FALSE
	EndGlobalSection
	GlobalSection(ExtensibilityGlobals) = postSolution
		SolutionGuid = {74C2C5F7-25CD-4C8C-A818-A7C1CE6F0887}
	EndGlobalSection
EndGlobal
